
Microsoft Visual Studio Solution File, Format Version 12.00
# Visual Studio Version 17
VisualStudioVersion = 17.0.31903.59
MinimumVisualStudioVersion = 10.0.40219.1
Project("{FAE04EC0-301F-11D3-BF4B-00C04F79EFBC}") = "SocioVerse-V2", "SocioVerse-V2\SocioVerse-V2.csproj", "{172BE492-50AE-466F-B8D0-8DB17DFB533D}"
EndProject
Project("{FAE04EC0-301F-11D3-BF4B-00C04F79EFBC}") = "SocioVerseModels", "SocioVerseModels\SocioVerseModels.csproj", "{D9AB14BF-20CF-4AF6-88D6-60033A22684E}"
EndProject
Project("{FAE04EC0-301F-11D3-BF4B-00C04F79EFBC}") = "SocioVerseRepositories", "SocioVerseRepositories\SocioVerseRepositories.csproj", "{A2E1354C-C22E-4518-84AB-68EBAA40FAA7}"
EndProject
Project("{FAE04EC0-301F-11D3-BF4B-00C04F79EFBC}") = "SocioVerseServices", "SocioVerseServices\SocioVerseServices.csproj", "{1D2FA3C6-300A-44FD-8F1D-67CFD30B1395}"
EndProject
Global
	GlobalSection(SolutionConfigurationPlatforms) = preSolution
		Debug|Any CPU = Debug|Any CPU
		Release|Any CPU = Release|Any CPU
	EndGlobalSection
	GlobalSection(SolutionProperties) = preSolution
		HideSolutionNode = FALSE
	EndGlobalSection
	GlobalSection(ProjectConfigurationPlatforms) = postSolution
		{172BE492-50AE-466F-B8D0-8DB17DFB533D}.Debug|Any CPU.ActiveCfg = Debug|Any CPU
		{172BE492-50AE-466F-B8D0-8DB17DFB533D}.Debug|Any CPU.Build.0 = Debug|Any CPU
		{172BE492-50AE-466F-B8D0-8DB17DFB533D}.Release|Any CPU.ActiveCfg = Release|Any CPU
		{172BE492-50AE-466F-B8D0-8DB17DFB533D}.Release|Any CPU.Build.0 = Release|Any CPU
		{D9AB14BF-20CF-4AF6-88D6-60033A22684E}.Debug|Any CPU.ActiveCfg = Debug|Any CPU
		{D9AB14BF-20CF-4AF6-88D6-60033A22684E}.Debug|Any CPU.Build.0 = Debug|Any CPU
		{D9AB14BF-20CF-4AF6-88D6-60033A22684E}.Release|Any CPU.ActiveCfg = Release|Any CPU
		{D9AB14BF-20CF-4AF6-88D6-60033A22684E}.Release|Any CPU.Build.0 = Release|Any CPU
		{A2E1354C-C22E-4518-84AB-68EBAA40FAA7}.Debug|Any CPU.ActiveCfg = Debug|Any CPU
		{A2E1354C-C22E-4518-84AB-68EBAA40FAA7}.Debug|Any CPU.Build.0 = Debug|Any CPU
		{A2E1354C-C22E-4518-84AB-68EBAA40FAA7}.Release|Any CPU.ActiveCfg = Release|Any CPU
		{A2E1354C-C22E-4518-84AB-68EBAA40FAA7}.Release|Any CPU.Build.0 = Release|Any CPU
		{1D2FA3C6-300A-44FD-8F1D-67CFD30B1395}.Debug|Any CPU.ActiveCfg = Debug|Any CPU
		{1D2FA3C6-300A-44FD-8F1D-67CFD30B1395}.Debug|Any CPU.Build.0 = Debug|Any CPU
		{1D2FA3C6-300A-44FD-8F1D-67CFD30B1395}.Release|Any CPU.ActiveCfg = Release|Any CPU
		{1D2FA3C6-300A-44FD-8F1D-67CFD30B1395}.Release|Any CPU.Build.0 = Release|Any CPU
	EndGlobalSection
EndGlobal
