
Microsoft Visual Studio Solution File, Format Version 12.00
# Visual Studio Version 17
VisualStudioVersion = 17.4.33213.308
MinimumVisualStudioVersion = 10.0.40219.1
Project("{FAE04EC0-301F-11D3-BF4B-00C04F79EFBC}") = "SocioVerse", "SocioVerse\SocioVerse.csproj", "{145FEB8B-54B4-4CEF-882E-209834D20023}"
EndProject
Global
	GlobalSection(SolutionConfigurationPlatforms) = preSolution
		Debug|Any CPU = Debug|Any CPU
		Release|Any CPU = Release|Any CPU
	EndGlobalSection
	GlobalSection(ProjectConfigurationPlatforms) = postSolution
		{145FEB8B-54B4-4CEF-882E-209834D20023}.Debug|Any CPU.ActiveCfg = Debug|Any CPU
		{145FEB8B-54B4-4CEF-882E-209834D20023}.Debug|Any CPU.Build.0 = Debug|Any CPU
		{145FEB8B-54B4-4CEF-882E-209834D20023}.Release|Any CPU.ActiveCfg = Release|Any CPU
		{145FEB8B-54B4-4CEF-882E-209834D20023}.Release|Any CPU.Build.0 = Release|Any CPU
	EndGlobalSection
	GlobalSection(SolutionProperties) = preSolution
		HideSolutionNode = FALSE
	EndGlobalSection
	GlobalSection(ExtensibilityGlobals) = postSolution
		SolutionGuid = {6F38588F-E137-4D7E-9D9E-4225832644B4}
	EndGlobalSection
EndGlobal
